<?xml version="1.0" encoding="utf-8"?>
<Project ToolsVersion="4.0" xmlns="http://schemas.microsoft.com/developer/msbuild/2003">
  <ItemGroup>
    <Filter Include="Исходные файлы">
      <UniqueIdentifier>{4FC737F1-C7A5-4376-A066-2A32D752A2FF}</UniqueIdentifier>
      <Extensions>cpp;c;cc;cxx;def;odl;idl;hpj;bat;asm;asmx</Extensions>
    </Filter>
    <Filter Include="Файлы заголовков">
      <UniqueIdentifier>{93995380-89BD-4b04-88EB-625FBE52EBFB}</UniqueIdentifier>
      <Extensions>h;hh;hpp;hxx;hm;inl;inc;ipp;xsd</Extensions>
    </Filter>
    <Filter Include="Файлы ресурсов">
      <UniqueIdentifier>{67DA6AB6-F800-4c08-8B7A-83BB121AAD01}</UniqueIdentifier>
      <Extensions>rc;ico;cur;bmp;dlg;rc2;rct;bin;rgs;gif;jpg;jpeg;jpe;resx;tiff;tif;png;wav;mfcribbon-ms</Extensions>
    </Filter>
    <Filter Include="Исходные файлы\libpeconv">
      <UniqueIdentifier>{b594de72-7d67-4978-820d-60aaa7067d28}</UniqueIdentifier>
    </Filter>
  </ItemGroup>
  <ItemGroup>
    <ClCompile Include="pch.cpp">
      <Filter>Исходные файлы</Filter>
    </ClCompile>
    <ClCompile Include="..\..\modules\trash_gen_module\fake_api.cpp">
      <Filter>Исходные файлы</Filter>
    </ClCompile>
    <ClCompile Include="..\..\modules\antiemul\antiemul.cpp">
      <Filter>Исходные файлы</Filter>
    </ClCompile>
    <ClCompile Include="..\..\modules\metamorph_code\morph.cpp">
      <Filter>Исходные файлы</Filter>
    </ClCompile>
    <ClCompile Include="..\..\modules\murmurhash\murmurhash.cpp">
      <Filter>Исходные файлы</Filter>
    </ClCompile>
    <ClCompile Include="..\..\modules\xtea\xtea.cpp">
      <Filter>Исходные файлы</Filter>
    </ClCompile>
    <ClCompile Include="x64_pe_cryptor.cpp">
      <Filter>Исходные файлы</Filter>
    </ClCompile>
    <ClCompile Include="..\..\modules\run_pe\run_pe.cpp">
      <Filter>Исходные файлы</Filter>
    </ClCompile>
    <ClCompile Include="..\..\modules\run_pe\src\buffer_util.cpp">
      <Filter>Исходные файлы\libpeconv</Filter>
    </ClCompile>
    <ClCompile Include="..\..\modules\run_pe\src\caves.cpp">
      <Filter>Исходные файлы\libpeconv</Filter>
    </ClCompile>
    <ClCompile Include="..\..\modules\run_pe\src\delayed_imports_loader.cpp">
      <Filter>Исходные файлы\libpeconv</Filter>
    </ClCompile>
    <ClCompile Include="..\..\modules\run_pe\src\exported_func.cpp">
      <Filter>Исходные файлы\libpeconv</Filter>
    </ClCompile>
    <ClCompile Include="..\..\modules\run_pe\src\exports_lookup.cpp">
      <Filter>Исходные файлы\libpeconv</Filter>
    </ClCompile>
    <ClCompile Include="..\..\modules\run_pe\src\exports_mapper.cpp">
      <Filter>Исходные файлы\libpeconv</Filter>
    </ClCompile>
    <ClCompile Include="..\..\modules\run_pe\src\file_util.cpp">
      <Filter>Исходные файлы\libpeconv</Filter>
    </ClCompile>
    <ClCompile Include="..\..\modules\run_pe\src\fix_imports.cpp">
      <Filter>Исходные файлы\libpeconv</Filter>
    </ClCompile>
    <ClCompile Include="..\..\modules\run_pe\src\function_resolver.cpp">
      <Filter>Исходные файлы\libpeconv</Filter>
    </ClCompile>
    <ClCompile Include="..\..\modules\run_pe\src\hooks.cpp">
      <Filter>Исходные файлы\libpeconv</Filter>
    </ClCompile>
    <ClCompile Include="..\..\modules\run_pe\src\imports_loader.cpp">
      <Filter>Исходные файлы\libpeconv</Filter>
    </ClCompile>
    <ClCompile Include="..\..\modules\run_pe\src\imports_uneraser.cpp">
      <Filter>Исходные файлы\libpeconv</Filter>
    </ClCompile>
    <ClCompile Include="..\..\modules\run_pe\src\load_config_util.cpp">
      <Filter>Исходные файлы\libpeconv</Filter>
    </ClCompile>
    <ClCompile Include="..\..\modules\run_pe\src\pe_dumper.cpp">
      <Filter>Исходные файлы\libpeconv</Filter>
    </ClCompile>
    <ClCompile Include="..\..\modules\run_pe\src\pe_hdrs_helper.cpp">
      <Filter>Исходные файлы\libpeconv</Filter>
    </ClCompile>
    <ClCompile Include="..\..\modules\run_pe\src\pe_loader.cpp">
      <Filter>Исходные файлы\libpeconv</Filter>
    </ClCompile>
    <ClCompile Include="..\..\modules\run_pe\src\pe_mode_detector.cpp">
      <Filter>Исходные файлы\libpeconv</Filter>
    </ClCompile>
    <ClCompile Include="..\..\modules\run_pe\src\pe_raw_to_virtual.cpp">
      <Filter>Исходные файлы\libpeconv</Filter>
    </ClCompile>
    <ClCompile Include="..\..\modules\run_pe\src\pe_virtual_to_raw.cpp">
      <Filter>Исходные файлы\libpeconv</Filter>
    </ClCompile>
    <ClCompile Include="..\..\modules\run_pe\src\relocate.cpp">
      <Filter>Исходные файлы\libpeconv</Filter>
    </ClCompile>
    <ClCompile Include="..\..\modules\run_pe\src\remote_pe_reader.cpp">
      <Filter>Исходные файлы\libpeconv</Filter>
    </ClCompile>
    <ClCompile Include="..\..\modules\run_pe\src\resource_parser.cpp">
      <Filter>Исходные файлы\libpeconv</Filter>
    </ClCompile>
    <ClCompile Include="..\..\modules\run_pe\src\resource_util.cpp">
      <Filter>Исходные файлы\libpeconv</Filter>
    </ClCompile>
    <ClCompile Include="..\..\modules\run_pe\src\util.cpp">
      <Filter>Исходные файлы\libpeconv</Filter>
    </ClCompile>
  </ItemGroup>
  <ItemGroup>
    <Object Include="..\..\modules\trash_gen_module\fake_instructions.obj">
      <Filter>Исходные файлы</Filter>
    </Object>
  </ItemGroup>
  <ItemGroup>
    <ClInclude Include="..\..\modules\modules.h">
      <Filter>Файлы заголовков</Filter>
    </ClInclude>
    <ClInclude Include="..\..\modules\metamorph_code\config.h">
      <Filter>Файлы заголовков</Filter>
    </ClInclude>
    <ClInclude Include="..\..\modules\run_pe\run_pe.h">
      <Filter>Файлы заголовков</Filter>
    </ClInclude>
  </ItemGroup>
</Project>